
Microsoft Visual Studio Solution File, Format Version 12.00
# Visual Studio Version 17
VisualStudioVersion = 17.0.31912.275
MinimumVisualStudioVersion = 10.0.40219.1
Project("{FAE04EC0-301F-11D3-BF4B-00C04F79EFBC}") = "Lesson15", "Lesson15\Lesson15.csproj", "{FED5A24A-5770-4ACF-A481-62E6DDCE871E}"
EndProject
Global
	GlobalSection(SolutionConfigurationPlatforms) = preSolution
		Debug|Any CPU = Debug|Any CPU
		Release|Any CPU = Release|Any CPU
	EndGlobalSection
	GlobalSection(ProjectConfigurationPlatforms) = postSolution
		{FED5A24A-5770-4ACF-A481-62E6DDCE871E}.Debug|Any CPU.ActiveCfg = Debug|Any CPU
		{FED5A24A-5770-4ACF-A481-62E6DDCE871E}.Debug|Any CPU.Build.0 = Debug|Any CPU
		{FED5A24A-5770-4ACF-A481-62E6DDCE871E}.Release|Any CPU.ActiveCfg = Release|Any CPU
		{FED5A24A-5770-4ACF-A481-62E6DDCE871E}.Release|Any CPU.Build.0 = Release|Any CPU
	EndGlobalSection
	GlobalSection(SolutionProperties) = preSolution
		HideSolutionNode = FALSE
	EndGlobalSection
	GlobalSection(ExtensibilityGlobals) = postSolution
		SolutionGuid = {1D3A3401-CEFA-4E85-9D39-E3DCDB66B9F9}
	EndGlobalSection
EndGlobal
